
Microsoft Visual Studio Solution File, Format Version 12.00
# Visual Studio Version 16
VisualStudioVersion = 16.0.30523.141
MinimumVisualStudioVersion = 10.0.40219.1
Project("{FAE04EC0-301F-11D3-BF4B-00C04F79EFBC}") = "RookieWorkshop", "RookieWorkshop.csproj", "{D5097FCC-5E5C-408D-BC5B-C71DB7D267CF}"
EndProject
Global
	GlobalSection(SolutionConfigurationPlatforms) = preSolution
		Debug|Any CPU = Debug|Any CPU
		Release|Any CPU = Release|Any CPU
	EndGlobalSection
	GlobalSection(ProjectConfigurationPlatforms) = postSolution
		{D5097FCC-5E5C-408D-BC5B-C71DB7D267CF}.Debug|Any CPU.ActiveCfg = Debug|Any CPU
		{D5097FCC-5E5C-408D-BC5B-C71DB7D267CF}.Debug|Any CPU.Build.0 = Debug|Any CPU
		{D5097FCC-5E5C-408D-BC5B-C71DB7D267CF}.Release|Any CPU.ActiveCfg = Release|Any CPU
		{D5097FCC-5E5C-408D-BC5B-C71DB7D267CF}.Release|Any CPU.Build.0 = Release|Any CPU
	EndGlobalSection
	GlobalSection(SolutionProperties) = preSolution
		HideSolutionNode = FALSE
	EndGlobalSection
	GlobalSection(ExtensibilityGlobals) = postSolution
		SolutionGuid = {DD6E434B-F58C-4D6C-88CA-1924183F32F9}
	EndGlobalSection
EndGlobal
